{
  "name": "showdown-highlight",
  "version": "2.1.1",
  "lockfileVersion": 1,
  "requires": true,
  "dependencies": {
    "ansi-regex": {
      "version": "3.0.0",
      "resolved": "https://registry.npmjs.org/ansi-regex/-/ansi-regex-3.0.0.tgz",
      "integrity": "sha1-7QMXwyIGT3lGbAKWa922Bas32Zg="
    },
    "ansi-styles": {
      "version": "3.2.0",
      "resolved": "https://registry.npmjs.org/ansi-styles/-/ansi-styles-3.2.0.tgz",
      "integrity": "sha512-NnSOmMEYtVR2JVMIGTzynRkkaxtiq1xnFBcdQD/DnNCYPoEPsVJhM98BDyaoNOQIi7p4okdi3E27eN7GQbsUug==",
      "dev": true,
      "requires": {
        "color-convert": "1.9.1"
      }
    },
    "ansy": {
      "version": "1.0.13",
      "resolved": "https://registry.npmjs.org/ansy/-/ansy-1.0.13.tgz",
      "integrity": "sha512-zO9+N/z1cEDQOjJSaqeUQTorTfl1sTfjx7qlQ/IMIE//UgDfmVqrRy9Aop+m0gFZe2+1VpqXw5PZXSbS/LQRVA==",
      "dev": true,
      "requires": {
        "ansi-styles": "3.2.0",
        "custom-return": "1.0.10",
        "supports-color": "3.2.3",
        "ul": "5.2.13"
      }
    },
    "camelcase": {
      "version": "4.1.0",
      "resolved": "https://registry.npmjs.org/camelcase/-/camelcase-4.1.0.tgz",
      "integrity": "sha1-1UVjW+HjPFQmScaRc+Xeas+uNN0="
    },
    "camelo": {
      "version": "1.1.11",
      "resolved": "https://registry.npmjs.org/camelo/-/camelo-1.1.11.tgz",
      "integrity": "sha512-kYyJyTKwCcKXtWMNqHogVBgQMRArxK0sLcPaMgDteo4vHr5vRytzBZt6n2T81RrQIU9FPi4MW8X+snzMDQqH0w==",
      "dev": true,
      "requires": {
        "regex-escape": "3.4.8",
        "uc-first-array": "1.1.8"
      }
    },
    "charm": {
      "version": "0.1.2",
      "resolved": "https://registry.npmjs.org/charm/-/charm-0.1.2.tgz",
      "integrity": "sha1-BsIe7RobBq62dVPNxT4jJ0usIpY=",
      "dev": true
    },
    "cliui": {
      "version": "4.0.0",
      "resolved": "https://registry.npmjs.org/cliui/-/cliui-4.0.0.tgz",
      "integrity": "sha512-nY3W5Gu2racvdDk//ELReY+dHjb9PlIcVDFXP72nVIhq2Gy3LuVXYwJoPVudwQnv1shtohpgkdCKT2YaKY0CKw==",
      "requires": {
        "string-width": "2.1.1",
        "strip-ansi": "4.0.0",
        "wrap-ansi": "2.1.0"
      }
    },
    "code-point-at": {
      "version": "1.1.0",
      "resolved": "https://registry.npmjs.org/code-point-at/-/code-point-at-1.1.0.tgz",
      "integrity": "sha1-DQcLTQQ6W+ozovGkDi7bPZpMz3c="
    },
    "color-convert": {
      "version": "1.9.1",
      "resolved": "https://registry.npmjs.org/color-convert/-/color-convert-1.9.1.tgz",
      "integrity": "sha512-mjGanIiwQJskCC18rPR6OmrZ6fm2Lc7PeGFYwCmy5J34wC6F1PzdGL6xeMfmgicfYcNLGuVFA3WzXtIDCQSZxQ==",
      "dev": true,
      "requires": {
        "color-name": "1.1.3"
      }
    },
    "color-it": {
      "version": "1.2.10",
      "resolved": "https://registry.npmjs.org/color-it/-/color-it-1.2.10.tgz",
      "integrity": "sha1-XR1DLfOpY6CiA7yr/UX/+lTZROM=",
      "dev": true,
      "requires": {
        "couleurs": "6.0.9",
        "flat-colors": "3.3.10",
        "iterate-object": "1.3.2",
        "typpy": "2.3.10"
      }
    },
    "color-name": {
      "version": "1.1.3",
      "resolved": "https://registry.npmjs.org/color-name/-/color-name-1.1.3.tgz",
      "integrity": "sha1-p9BVi9icQveV3UIyj3QIMcpTvCU=",
      "dev": true
    },
    "couleurs": {
      "version": "6.0.9",
      "resolved": "https://registry.npmjs.org/couleurs/-/couleurs-6.0.9.tgz",
      "integrity": "sha1-srKj7jfa5Rh1ye/SQ+x+eJSvvJ4=",
      "dev": true,
      "requires": {
        "ansy": "1.0.13",
        "color-convert": "1.9.1",
        "iterate-object": "1.3.2",
        "typpy": "2.3.10"
      }
    },
    "cross-spawn": {
      "version": "5.1.0",
      "resolved": "https://registry.npmjs.org/cross-spawn/-/cross-spawn-5.1.0.tgz",
      "integrity": "sha1-6L0O/uWPz/b4+UUQoKVUu/ojVEk=",
      "requires": {
        "lru-cache": "4.1.1",
        "shebang-command": "1.2.0",
        "which": "1.3.0"
      }
    },
    "custom-return": {
      "version": "1.0.10",
      "resolved": "https://registry.npmjs.org/custom-return/-/custom-return-1.0.10.tgz",
      "integrity": "sha512-WF07K2QwOIb6+mHYmiFP7oAlbVL+fkNgCGvjMMFuiVn5HExz75HWOyXslk+GgzEF72JiDlih8MyD1WJB8SYw7w==",
      "dev": true,
      "requires": {
        "noop6": "1.0.7"
      }
    },
    "decamelize": {
      "version": "1.2.0",
      "resolved": "https://registry.npmjs.org/decamelize/-/decamelize-1.2.0.tgz",
      "integrity": "sha1-9lNNFRSCabIDUue+4m9QH5oZEpA="
    },
    "deep-is": {
      "version": "0.1.3",
      "resolved": "https://registry.npmjs.org/deep-is/-/deep-is-0.1.3.tgz",
      "integrity": "sha1-s2nW+128E+7PUk+RsHD+7cNXzzQ=",
      "dev": true
    },
    "deffy": {
      "version": "2.2.2",
      "resolved": "https://registry.npmjs.org/deffy/-/deffy-2.2.2.tgz",
      "integrity": "sha1-CI9AkTy0cHhlP6b2l8IG4DRx1SM=",
      "dev": true,
      "requires": {
        "typpy": "2.3.10"
      }
    },
    "define-properties": {
      "version": "1.1.2",
      "resolved": "https://registry.npmjs.org/define-properties/-/define-properties-1.1.2.tgz",
      "integrity": "sha1-g6c/L+pWmJj7c3GTyPhzyvbUXJQ=",
      "dev": true,
      "requires": {
        "foreach": "2.0.5",
        "object-keys": "1.0.11"
      }
    },
    "difflet": {
      "version": "1.0.1",
      "resolved": "https://registry.npmjs.org/difflet/-/difflet-1.0.1.tgz",
      "integrity": "sha1-GJ+PkDnk7krD6pQ9TeZtJZllsTw=",
      "dev": true,
      "requires": {
        "charm": "0.1.2",
        "deep-is": "0.1.3",
        "traverse": "0.6.6"
      }
    },
    "emoji-logger": {
      "version": "1.0.13",
      "resolved": "https://registry.npmjs.org/emoji-logger/-/emoji-logger-1.0.13.tgz",
      "integrity": "sha512-e8A6sLiZBftFkgwDZuJft+O0CE5LAiTLUCR3w2GHzCxsR64krT8zDsoHmW4au+2pWnMVFX4CpvM2+PZoZqTobQ==",
      "dev": true,
      "requires": {
        "color-it": "1.2.10",
        "deffy": "2.2.2",
        "emojic": "1.1.14",
        "err": "1.1.1",
        "indento": "1.1.11",
        "is-win": "1.0.8",
        "ul": "5.2.13"
      }
    },
    "emojic": {
      "version": "1.1.14",
      "resolved": "https://registry.npmjs.org/emojic/-/emojic-1.1.14.tgz",
      "integrity": "sha512-n6yEaHU9GB6AfHTDAvV/263Ds+nIvboyiYYrAOuZox64RP6AlXPW1jbLsT3cBX+8hRVc7IV3P59ODPr2bC0OJA==",
      "dev": true,
      "requires": {
        "camelo": "1.1.11",
        "emojilib": "2.2.12",
        "iterate-object": "1.3.2",
        "r-json": "1.2.8"
      }
    },
    "emojilib": {
      "version": "2.2.12",
      "resolved": "https://registry.npmjs.org/emojilib/-/emojilib-2.2.12.tgz",
      "integrity": "sha512-mLNN5AY5Yl1BUeP+r9hFjWvyA1X+QWlS5iQzeVnQoZaklq3IIknm9FwP23QwD7Rg1H3dy35JYQHJyoKNFkxrvg==",
      "dev": true
    },
    "err": {
      "version": "1.1.1",
      "resolved": "https://registry.npmjs.org/err/-/err-1.1.1.tgz",
      "integrity": "sha1-65KOLhGjFmSPeCgz0PlyWLpDwvg=",
      "dev": true,
      "requires": {
        "typpy": "2.3.10"
      }
    },
    "es-abstract": {
      "version": "1.10.0",
      "resolved": "https://registry.npmjs.org/es-abstract/-/es-abstract-1.10.0.tgz",
      "integrity": "sha512-/uh/DhdqIOSkAWifU+8nG78vlQxdLckUdI/sPgy0VhuXi2qJ7T8czBmqIYtLQVpCIFYafChnsRsB5pyb1JdmCQ==",
      "dev": true,
      "requires": {
        "es-to-primitive": "1.1.1",
        "function-bind": "1.1.1",
        "has": "1.0.1",
        "is-callable": "1.1.3",
        "is-regex": "1.0.4"
      }
    },
    "es-to-primitive": {
      "version": "1.1.1",
      "resolved": "https://registry.npmjs.org/es-to-primitive/-/es-to-primitive-1.1.1.tgz",
      "integrity": "sha1-RTVSSKiJeQNLZ5Lhm7gfK3l13Q0=",
      "dev": true,
      "requires": {
        "is-callable": "1.1.3",
        "is-date-object": "1.0.1",
        "is-symbol": "1.0.1"
      }
    },
    "execa": {
      "version": "0.7.0",
      "resolved": "https://registry.npmjs.org/execa/-/execa-0.7.0.tgz",
      "integrity": "sha1-lEvs00zEHuMqY6n68nrVpl/Fl3c=",
      "requires": {
        "cross-spawn": "5.1.0",
        "get-stream": "3.0.0",
        "is-stream": "1.1.0",
        "npm-run-path": "2.0.2",
        "p-finally": "1.0.0",
        "signal-exit": "3.0.2",
        "strip-eof": "1.0.0"
      }
    },
    "expect": {
      "version": "1.20.2",
      "resolved": "https://registry.npmjs.org/expect/-/expect-1.20.2.tgz",
      "integrity": "sha1-1Fj+TFYAQDa64yMkFqP2Nh8E+WU=",
      "dev": true,
      "requires": {
        "define-properties": "1.1.2",
        "has": "1.0.1",
        "is-equal": "1.5.5",
        "is-regex": "1.0.4",
        "object-inspect": "1.5.0",
        "object-keys": "1.0.11",
        "tmatch": "2.0.1"
      }
    },
    "find-up": {
      "version": "2.1.0",
      "resolved": "https://registry.npmjs.org/find-up/-/find-up-2.1.0.tgz",
      "integrity": "sha1-RdG35QbHF93UgndaK3eSCjwMV6c=",
      "requires": {
        "locate-path": "2.0.0"
      }
    },
    "flat-colors": {
      "version": "3.3.10",
      "resolved": "https://registry.npmjs.org/flat-colors/-/flat-colors-3.3.10.tgz",
      "integrity": "sha512-P7lp4lbTcZ95NH0pZE/07o0KpPBP4RB/eQayfgxq/CweM37ZMj3rhgyU0URxoY8xkGb2GXKS8GvzvHtcp1bycw==",
      "dev": true
    },
    "foreach": {
      "version": "2.0.5",
      "resolved": "https://registry.npmjs.org/foreach/-/foreach-2.0.5.tgz",
      "integrity": "sha1-C+4AUBiusmDQo6865ljdATbsG5k=",
      "dev": true
    },
    "function-bind": {
      "version": "1.1.1",
      "resolved": "https://registry.npmjs.org/function-bind/-/function-bind-1.1.1.tgz",
      "integrity": "sha512-yIovAzMX49sF8Yl58fSCWJ5svSLuaibPxXQJFLmBObTuCr0Mf1KiPopGM9NiFjiYBCbfaa2Fh6breQ6ANVTI0A==",
      "dev": true
    },
    "function.name": {
      "version": "1.0.10",
      "resolved": "https://registry.npmjs.org/function.name/-/function.name-1.0.10.tgz",
      "integrity": "sha512-IPRArugcDP5O1oRUl2H55GnLNq3CV26bG/dFzLx0AR2dhB/4nj9rIqh1NBdlK7bWlfggV1Q+Aq5Jxafr/+j4BQ==",
      "dev": true,
      "requires": {
        "noop6": "1.0.7"
      }
    },
    "get-caller-file": {
      "version": "1.0.2",
      "resolved": "https://registry.npmjs.org/get-caller-file/-/get-caller-file-1.0.2.tgz",
      "integrity": "sha1-9wLmMSfn4jHBYKgMFVSstw1QR+U="
    },
    "get-stream": {
      "version": "3.0.0",
      "resolved": "https://registry.npmjs.org/get-stream/-/get-stream-3.0.0.tgz",
      "integrity": "sha1-jpQ9E1jcN1VQVOy+LtsFqhdO3hQ="
    },
    "has": {
      "version": "1.0.1",
      "resolved": "https://registry.npmjs.org/has/-/has-1.0.1.tgz",
      "integrity": "sha1-hGFzP1OLCDfJNh45qauelwTcLyg=",
      "dev": true,
      "requires": {
        "function-bind": "1.1.1"
      }
    },
    "has-flag": {
      "version": "1.0.0",
      "resolved": "https://registry.npmjs.org/has-flag/-/has-flag-1.0.0.tgz",
      "integrity": "sha1-nZ55MWXOAXoA8AQYxD+UKnsdEfo=",
      "dev": true
    },
    "he": {
      "version": "1.1.1",
      "resolved": "https://registry.npmjs.org/he/-/he-1.1.1.tgz",
      "integrity": "sha1-k0EP0hsAlzUVH4howvJx80J+I/0="
    },
    "highlight.js": {
      "version": "9.12.0",
      "resolved": "https://registry.npmjs.org/highlight.js/-/highlight.js-9.12.0.tgz",
      "integrity": "sha1-5tnb5Xy+/mB1HwKvM2GVhwyQwB4="
    },
    "html-encoder-decoder": {
      "version": "1.3.7",
      "resolved": "https://registry.npmjs.org/html-encoder-decoder/-/html-encoder-decoder-1.3.7.tgz",
      "integrity": "sha512-RrPd1M4pU0/4cDGwWvMIcMeLnl1zJ6kxvSTxuG1iFELO1x7rfhecTZcKI6ICCEgBaIsxtgoB4vw51b6hrNkmeg==",
      "requires": {
        "he": "1.1.1",
        "iterate-object": "1.3.2",
        "regex-escape": "3.4.8"
      }
    },
    "indento": {
      "version": "1.1.11",
      "resolved": "https://registry.npmjs.org/indento/-/indento-1.1.11.tgz",
      "integrity": "sha512-49inTnR7L+joQk6KLS1hy8QW6nsH0LAqqb6qT9nxgD3VDVGAyPwkidO0dtjXPo+P8NlTZQphq61BA1cmxPVUyg==",
      "dev": true
    },
    "invert-kv": {
      "version": "1.0.0",
      "resolved": "https://registry.npmjs.org/invert-kv/-/invert-kv-1.0.0.tgz",
      "integrity": "sha1-EEqOSqym09jNFXqO+L+rLXo//bY="
    },
    "is-arrow-function": {
      "version": "2.0.3",
      "resolved": "https://registry.npmjs.org/is-arrow-function/-/is-arrow-function-2.0.3.tgz",
      "integrity": "sha1-Kb4sLY2UUIUri7r7Y1unuNjofsI=",
      "dev": true,
      "requires": {
        "is-callable": "1.1.3"
      }
    },
    "is-boolean-object": {
      "version": "1.0.0",
      "resolved": "https://registry.npmjs.org/is-boolean-object/-/is-boolean-object-1.0.0.tgz",
      "integrity": "sha1-mPiygDBoQhmpXzdc+9iM40Bd/5M=",
      "dev": true
    },
    "is-callable": {
      "version": "1.1.3",
      "resolved": "https://registry.npmjs.org/is-callable/-/is-callable-1.1.3.tgz",
      "integrity": "sha1-hut1OSgF3cM69xySoO7fdO52BLI=",
      "dev": true
    },
    "is-date-object": {
      "version": "1.0.1",
      "resolved": "https://registry.npmjs.org/is-date-object/-/is-date-object-1.0.1.tgz",
      "integrity": "sha1-mqIOtq7rv/d/vTPnTKAbM1gdOhY=",
      "dev": true
    },
    "is-equal": {
      "version": "1.5.5",
      "resolved": "https://registry.npmjs.org/is-equal/-/is-equal-1.5.5.tgz",
      "integrity": "sha1-XoXxlX4FKIMkf+s4aWWju6Ffuz0=",
      "dev": true,
      "requires": {
        "has": "1.0.1",
        "is-arrow-function": "2.0.3",
        "is-boolean-object": "1.0.0",
        "is-callable": "1.1.3",
        "is-date-object": "1.0.1",
        "is-generator-function": "1.0.7",
        "is-number-object": "1.0.3",
        "is-regex": "1.0.4",
        "is-string": "1.0.4",
        "is-symbol": "1.0.1",
        "object.entries": "1.0.4"
      }
    },
    "is-fullwidth-code-point": {
      "version": "2.0.0",
      "resolved": "https://registry.npmjs.org/is-fullwidth-code-point/-/is-fullwidth-code-point-2.0.0.tgz",
      "integrity": "sha1-o7MKXE8ZkYMWeqq5O+764937ZU8="
    },
    "is-generator-function": {
      "version": "1.0.7",
      "resolved": "https://registry.npmjs.org/is-generator-function/-/is-generator-function-1.0.7.tgz",
      "integrity": "sha512-YZc5EwyO4f2kWCax7oegfuSr9mFz1ZvieNYBEjmukLxgXfBUbxAWGVF7GZf0zidYtoBl3WvC07YK0wT76a+Rtw==",
      "dev": true
    },
    "is-number-object": {
      "version": "1.0.3",
      "resolved": "https://registry.npmjs.org/is-number-object/-/is-number-object-1.0.3.tgz",
      "integrity": "sha1-8mWrian0RQNO9q/xWo8AsA9VF5k=",
      "dev": true
    },
    "is-regex": {
      "version": "1.0.4",
      "resolved": "https://registry.npmjs.org/is-regex/-/is-regex-1.0.4.tgz",
      "integrity": "sha1-VRdIm1RwkbCTDglWVM7SXul+lJE=",
      "dev": true,
      "requires": {
        "has": "1.0.1"
      }
    },
    "is-stream": {
      "version": "1.1.0",
      "resolved": "https://registry.npmjs.org/is-stream/-/is-stream-1.1.0.tgz",
      "integrity": "sha1-EtSj3U5o4Lec6428hBc66A2RykQ="
    },
    "is-string": {
      "version": "1.0.4",
      "resolved": "https://registry.npmjs.org/is-string/-/is-string-1.0.4.tgz",
      "integrity": "sha1-zDqbaYV9Yh6WNyWiTK7shzuCbmQ=",
      "dev": true
    },
    "is-symbol": {
      "version": "1.0.1",
      "resolved": "https://registry.npmjs.org/is-symbol/-/is-symbol-1.0.1.tgz",
      "integrity": "sha1-PMWfAAJRlLarLjjbrmaJJWtmBXI=",
      "dev": true
    },
    "is-win": {
      "version": "1.0.8",
      "resolved": "https://registry.npmjs.org/is-win/-/is-win-1.0.8.tgz",
      "integrity": "sha512-GE+fRhAOqdcJcwZkT4UKxtzE/Z7oFcC1lZPDgaXOJQIKqbjkyxgeJyFPdIhmZ1pzqjtZadwkQdqWaZ0QWHfrPQ==",
      "dev": true
    },
    "isexe": {
      "version": "2.0.0",
      "resolved": "https://registry.npmjs.org/isexe/-/isexe-2.0.0.tgz",
      "integrity": "sha1-6PvzdNxVb/iUehDcsFctYz8s+hA="
    },
    "iterate-object": {
      "version": "1.3.2",
      "resolved": "https://registry.npmjs.org/iterate-object/-/iterate-object-1.3.2.tgz",
      "integrity": "sha1-JOwVr/pdADnog5aVohwsrh9Ftms="
    },
    "lcid": {
      "version": "1.0.0",
      "resolved": "https://registry.npmjs.org/lcid/-/lcid-1.0.0.tgz",
      "integrity": "sha1-MIrMr6C8SDo4Z7S28rlQYlHRuDU=",
      "requires": {
        "invert-kv": "1.0.0"
      }
    },
    "locate-path": {
      "version": "2.0.0",
      "resolved": "https://registry.npmjs.org/locate-path/-/locate-path-2.0.0.tgz",
      "integrity": "sha1-K1aLJl7slExtnA3pw9u7ygNUzY4=",
      "requires": {
        "p-locate": "2.0.0",
        "path-exists": "3.0.0"
      }
    },
    "lru-cache": {
      "version": "4.1.1",
      "resolved": "https://registry.npmjs.org/lru-cache/-/lru-cache-4.1.1.tgz",
      "integrity": "sha512-q4spe4KTfsAS1SUHLO0wz8Qiyf1+vMIAgpRYioFYDMNqKfHQbg+AVDH3i4fvpl71/P1L0dBl+fQi+P37UYf0ew==",
      "requires": {
        "pseudomap": "1.0.2",
        "yallist": "2.1.2"
      }
    },
    "mem": {
      "version": "1.1.0",
      "resolved": "https://registry.npmjs.org/mem/-/mem-1.1.0.tgz",
      "integrity": "sha1-Xt1StIXKHZAP5kiVUFOZoN+kX3Y=",
      "requires": {
        "mimic-fn": "1.1.0"
      }
    },
    "mimic-fn": {
      "version": "1.1.0",
      "resolved": "https://registry.npmjs.org/mimic-fn/-/mimic-fn-1.1.0.tgz",
      "integrity": "sha1-5md4PZLonb00KBi1IwudYqZyrRg="
    },
    "noop6": {
      "version": "1.0.7",
      "resolved": "https://registry.npmjs.org/noop6/-/noop6-1.0.7.tgz",
      "integrity": "sha1-lnZ78gWLpZyoy5FVk0fdyAI5+o4=",
      "dev": true
    },
    "npm-run-path": {
      "version": "2.0.2",
      "resolved": "https://registry.npmjs.org/npm-run-path/-/npm-run-path-2.0.2.tgz",
      "integrity": "sha1-NakjLfo11wZ7TLLd8jV7GHFTbF8=",
      "requires": {
        "path-key": "2.0.1"
      }
    },
    "number-is-nan": {
      "version": "1.0.1",
      "resolved": "https://registry.npmjs.org/number-is-nan/-/number-is-nan-1.0.1.tgz",
      "integrity": "sha1-CXtgK1NCKlIsGvuHkDGDNpQaAR0="
    },
    "object-inspect": {
      "version": "1.5.0",
      "resolved": "https://registry.npmjs.org/object-inspect/-/object-inspect-1.5.0.tgz",
      "integrity": "sha512-UmOFbHbwvv+XHj7BerrhVq+knjceBdkvU5AriwLMvhv2qi+e7DJzxfBeFpILEjVzCp+xA+W/pIf06RGPWlZNfw==",
      "dev": true
    },
    "object-keys": {
      "version": "1.0.11",
      "resolved": "https://registry.npmjs.org/object-keys/-/object-keys-1.0.11.tgz",
      "integrity": "sha1-xUYBd4rVYPEULODgG8yotW0TQm0=",
      "dev": true
    },
    "object.entries": {
      "version": "1.0.4",
      "resolved": "https://registry.npmjs.org/object.entries/-/object.entries-1.0.4.tgz",
      "integrity": "sha1-G/mk3SKI9bM/Opk9JXZh8F0WGl8=",
      "dev": true,
      "requires": {
        "define-properties": "1.1.2",
        "es-abstract": "1.10.0",
        "function-bind": "1.1.1",
        "has": "1.0.1"
      }
    },
    "os-locale": {
      "version": "2.1.0",
      "resolved": "https://registry.npmjs.org/os-locale/-/os-locale-2.1.0.tgz",
      "integrity": "sha512-3sslG3zJbEYcaC4YVAvDorjGxc7tv6KVATnLPZONiljsUncvihe9BQoVCEs0RZ1kmf4Hk9OBqlZfJZWI4GanKA==",
      "requires": {
        "execa": "0.7.0",
        "lcid": "1.0.0",
        "mem": "1.1.0"
      }
    },
    "p-finally": {
      "version": "1.0.0",
      "resolved": "https://registry.npmjs.org/p-finally/-/p-finally-1.0.0.tgz",
      "integrity": "sha1-P7z7FbiZpEEjs0ttzBi3JDNqLK4="
    },
    "p-limit": {
      "version": "1.2.0",
      "resolved": "https://registry.npmjs.org/p-limit/-/p-limit-1.2.0.tgz",
      "integrity": "sha512-Y/OtIaXtUPr4/YpMv1pCL5L5ed0rumAaAeBSj12F+bSlMdys7i8oQF/GUJmfpTS/QoaRrS/k6pma29haJpsMng==",
      "requires": {
        "p-try": "1.0.0"
      }
    },
    "p-locate": {
      "version": "2.0.0",
      "resolved": "https://registry.npmjs.org/p-locate/-/p-locate-2.0.0.tgz",
      "integrity": "sha1-IKAQOyIqcMj9OcwuWAaA893l7EM=",
      "requires": {
        "p-limit": "1.2.0"
      }
    },
    "p-try": {
      "version": "1.0.0",
      "resolved": "https://registry.npmjs.org/p-try/-/p-try-1.0.0.tgz",
      "integrity": "sha1-y8ec26+P1CKOE/Yh8rGiN8GyB7M="
    },
    "path-exists": {
      "version": "3.0.0",
      "resolved": "https://registry.npmjs.org/path-exists/-/path-exists-3.0.0.tgz",
      "integrity": "sha1-zg6+ql94yxiSXqfYENe1mwEP1RU="
    },
    "path-key": {
      "version": "2.0.1",
      "resolved": "https://registry.npmjs.org/path-key/-/path-key-2.0.1.tgz",
      "integrity": "sha1-QRyttXTFoUDTpLGRDUDYDMn0C0A="
    },
    "pseudomap": {
      "version": "1.0.2",
      "resolved": "https://registry.npmjs.org/pseudomap/-/pseudomap-1.0.2.tgz",
      "integrity": "sha1-8FKijacOYYkX7wqKw0wa5aaChrM="
    },
    "queoid": {
      "version": "1.1.7",
      "resolved": "https://registry.npmjs.org/queoid/-/queoid-1.1.7.tgz",
      "integrity": "sha1-6gLUjQxTrg3L3U2ETxtRY+Ur6cE=",
      "dev": true
    },
    "r-json": {
      "version": "1.2.8",
      "resolved": "https://registry.npmjs.org/r-json/-/r-json-1.2.8.tgz",
      "integrity": "sha1-dEBWDMHt8AudjZT6MLytfd6U6uI=",
      "dev": true
    },
    "regex-escape": {
      "version": "3.4.8",
      "resolved": "https://registry.npmjs.org/regex-escape/-/regex-escape-3.4.8.tgz",
      "integrity": "sha512-DG0VFPTDwfl+XsuVaM/0RmGJvCpZNB9UG/limzbev50XQ44G4mbOG+0Eh5M7Al9JB68NbP7YeY1KhDzpnX7qSw=="
    },
    "require-directory": {
      "version": "2.1.1",
      "resolved": "https://registry.npmjs.org/require-directory/-/require-directory-2.1.1.tgz",
      "integrity": "sha1-jGStX9MNqxyXbiNE/+f3kqam30I="
    },
    "require-main-filename": {
      "version": "1.0.1",
      "resolved": "https://registry.npmjs.org/require-main-filename/-/require-main-filename-1.0.1.tgz",
      "integrity": "sha1-l/cXtp1IeE9fUmpsWqj/3aBVpNE="
    },
    "set-blocking": {
      "version": "2.0.0",
      "resolved": "https://registry.npmjs.org/set-blocking/-/set-blocking-2.0.0.tgz",
      "integrity": "sha1-BF+XgtARrppoA93TgrJDkrPYkPc="
    },
    "shebang-command": {
      "version": "1.2.0",
      "resolved": "https://registry.npmjs.org/shebang-command/-/shebang-command-1.2.0.tgz",
      "integrity": "sha1-RKrGW2lbAzmJaMOfNj/uXer98eo=",
      "requires": {
        "shebang-regex": "1.0.0"
      }
    },
    "shebang-regex": {
      "version": "1.0.0",
      "resolved": "https://registry.npmjs.org/shebang-regex/-/shebang-regex-1.0.0.tgz",
      "integrity": "sha1-2kL0l0DAtC2yypcoVxyxkMmO/qM="
    },
    "showdown": {
      "version": "1.8.6",
      "resolved": "https://registry.npmjs.org/showdown/-/showdown-1.8.6.tgz",
      "integrity": "sha1-kepO47elRIqspoIKTifmkMatdxw=",
      "requires": {
        "yargs": "10.1.2"
      }
    },
    "signal-exit": {
      "version": "3.0.2",
      "resolved": "https://registry.npmjs.org/signal-exit/-/signal-exit-3.0.2.tgz",
      "integrity": "sha1-tf3AjxKH6hF4Yo5BXiUTK3NkbG0="
    },
    "string-width": {
      "version": "2.1.1",
      "resolved": "https://registry.npmjs.org/string-width/-/string-width-2.1.1.tgz",
      "integrity": "sha512-nOqH59deCq9SRHlxq1Aw85Jnt4w6KvLKqWVik6oA9ZklXLNIOlqg4F2yrT1MVaTjAqvVwdfeZ7w7aCvJD7ugkw==",
      "requires": {
        "is-fullwidth-code-point": "2.0.0",
        "strip-ansi": "4.0.0"
      }
    },
    "strip-ansi": {
      "version": "4.0.0",
      "resolved": "https://registry.npmjs.org/strip-ansi/-/strip-ansi-4.0.0.tgz",
      "integrity": "sha1-qEeQIusaw2iocTibY1JixQXuNo8=",
      "requires": {
        "ansi-regex": "3.0.0"
      }
    },
    "strip-eof": {
      "version": "1.0.0",
      "resolved": "https://registry.npmjs.org/strip-eof/-/strip-eof-1.0.0.tgz",
      "integrity": "sha1-u0P/VZim6wXYm1n80SnJgzE2Br8="
    },
    "supports-color": {
      "version": "3.2.3",
      "resolved": "https://registry.npmjs.org/supports-color/-/supports-color-3.2.3.tgz",
      "integrity": "sha1-ZawFBLOVQXHYpklGsq48u4pfVPY=",
      "dev": true,
      "requires": {
        "has-flag": "1.0.0"
      }
    },
    "tester": {
      "version": "1.4.3",
      "resolved": "https://registry.npmjs.org/tester/-/tester-1.4.3.tgz",
      "integrity": "sha512-F8u6DlfrEfox8QmSSuvVpm6guQ+XMsUPqBOTuDzIJ8YWP8mXZcS4/23q8S09H6S1Ka5ZKCKFGVPafzxV3SgVGA==",
      "dev": true,
      "requires": {
        "difflet": "1.0.1",
        "emoji-logger": "1.0.13",
        "expect": "1.20.2",
        "is-win": "1.0.8",
        "queoid": "1.1.7",
        "try-async": "1.1.8"
      }
    },
    "tmatch": {
      "version": "2.0.1",
      "resolved": "https://registry.npmjs.org/tmatch/-/tmatch-2.0.1.tgz",
      "integrity": "sha1-DFYkbzPzDaG409colauvFmYPOM8=",
      "dev": true
    },
    "traverse": {
      "version": "0.6.6",
      "resolved": "https://registry.npmjs.org/traverse/-/traverse-0.6.6.tgz",
      "integrity": "sha1-y99WD9e5r2MlAv7UD5GMFX6pcTc=",
      "dev": true
    },
    "try-async": {
      "version": "1.1.8",
      "resolved": "https://registry.npmjs.org/try-async/-/try-async-1.1.8.tgz",
      "integrity": "sha512-Q8YYitxw3t/gixjPnkXDaXnB7jQV4DL0oDETM7HRINAkLIjL1sqMY1Eln6s7ipxIH9uDzj9ngvGoV4vmsQv+SA==",
      "dev": true
    },
    "typpy": {
      "version": "2.3.10",
      "resolved": "https://registry.npmjs.org/typpy/-/typpy-2.3.10.tgz",
      "integrity": "sha512-DKiSmYeXF4q+K0H999sVROLjwsngad5AloblLo72No+xVT9W09ytUIOCC/3puHsf+Dsf8M2hoPds0H1HwJgQqg==",
      "dev": true,
      "requires": {
        "function.name": "1.0.10"
      }
    },
    "uc-first-array": {
      "version": "1.1.8",
      "resolved": "https://registry.npmjs.org/uc-first-array/-/uc-first-array-1.1.8.tgz",
      "integrity": "sha512-LTAnb8G/BxmXyBqiUxRhlbYt+IPCCpAOJJsC3xp5cwtXZKdtBfBxAMWRJlNzknM+Gpw3DRD2K3sQ64srroRf3w==",
      "dev": true,
      "requires": {
        "ucfirst": "1.0.0"
      }
    },
    "ucfirst": {
      "version": "1.0.0",
      "resolved": "https://registry.npmjs.org/ucfirst/-/ucfirst-1.0.0.tgz",
      "integrity": "sha1-ThBbZEjQXiZOzsQ14LkZNjxfLy8=",
      "dev": true
    },
    "ul": {
      "version": "5.2.13",
      "resolved": "https://registry.npmjs.org/ul/-/ul-5.2.13.tgz",
      "integrity": "sha1-n/BQTqNcofdMC/WeZIDe8Am617U=",
      "dev": true,
      "requires": {
        "deffy": "2.2.2",
        "typpy": "2.3.10"
      }
    },
    "which": {
      "version": "1.3.0",
      "resolved": "https://registry.npmjs.org/which/-/which-1.3.0.tgz",
      "integrity": "sha512-xcJpopdamTuY5duC/KnTTNBraPK54YwpenP4lzxU8H91GudWpFv38u0CKjclE1Wi2EH2EDz5LRcHcKbCIzqGyg==",
      "requires": {
        "isexe": "2.0.0"
      }
    },
    "which-module": {
      "version": "2.0.0",
      "resolved": "https://registry.npmjs.org/which-module/-/which-module-2.0.0.tgz",
      "integrity": "sha1-2e8H3Od7mQK4o6j6SzHD4/fm6Ho="
    },
    "wrap-ansi": {
      "version": "2.1.0",
      "resolved": "https://registry.npmjs.org/wrap-ansi/-/wrap-ansi-2.1.0.tgz",
      "integrity": "sha1-2Pw9KE3QV5T+hJc8rs3Rz4JP3YU=",
      "requires": {
        "string-width": "1.0.2",
        "strip-ansi": "3.0.1"
      },
      "dependencies": {
        "ansi-regex": {
          "version": "2.1.1",
          "resolved": "https://registry.npmjs.org/ansi-regex/-/ansi-regex-2.1.1.tgz",
          "integrity": "sha1-w7M6te42DYbg5ijwRorn7yfWVN8="
        },
        "is-fullwidth-code-point": {
          "version": "1.0.0",
          "resolved": "https://registry.npmjs.org/is-fullwidth-code-point/-/is-fullwidth-code-point-1.0.0.tgz",
          "integrity": "sha1-754xOG8DGn8NZDr4L95QxFfvAMs=",
          "requires": {
            "number-is-nan": "1.0.1"
          }
        },
        "string-width": {
          "version": "1.0.2",
          "resolved": "https://registry.npmjs.org/string-width/-/string-width-1.0.2.tgz",
          "integrity": "sha1-EYvfW4zcUaKn5w0hHgfisLmxB9M=",
          "requires": {
            "code-point-at": "1.1.0",
            "is-fullwidth-code-point": "1.0.0",
            "strip-ansi": "3.0.1"
          }
        },
        "strip-ansi": {
          "version": "3.0.1",
          "resolved": "https://registry.npmjs.org/strip-ansi/-/strip-ansi-3.0.1.tgz",
          "integrity": "sha1-ajhfuIU9lS1f8F0Oiq+UJ43GPc8=",
          "requires": {
            "ansi-regex": "2.1.1"
          }
        }
      }
    },
    "y18n": {
      "version": "3.2.1",
      "resolved": "https://registry.npmjs.org/y18n/-/y18n-3.2.1.tgz",
      "integrity": "sha1-bRX7qITAhnnA136I53WegR4H+kE="
    },
    "yallist": {
      "version": "2.1.2",
      "resolved": "https://registry.npmjs.org/yallist/-/yallist-2.1.2.tgz",
      "integrity": "sha1-HBH5IY8HYImkfdUS+TxmmaaoHVI="
    },
    "yargs": {
      "version": "10.1.2",
      "resolved": "https://registry.npmjs.org/yargs/-/yargs-10.1.2.tgz",
      "integrity": "sha512-ivSoxqBGYOqQVruxD35+EyCFDYNEFL/Uo6FcOnz+9xZdZzK0Zzw4r4KhbrME1Oo2gOggwJod2MnsdamSG7H9ig==",
      "requires": {
        "cliui": "4.0.0",
        "decamelize": "1.2.0",
        "find-up": "2.1.0",
        "get-caller-file": "1.0.2",
        "os-locale": "2.1.0",
        "require-directory": "2.1.1",
        "require-main-filename": "1.0.1",
        "set-blocking": "2.0.0",
        "string-width": "2.1.1",
        "which-module": "2.0.0",
        "y18n": "3.2.1",
        "yargs-parser": "8.1.0"
      }
    },
    "yargs-parser": {
      "version": "8.1.0",
      "resolved": "https://registry.npmjs.org/yargs-parser/-/yargs-parser-8.1.0.tgz",
      "integrity": "sha512-yP+6QqN8BmrgW2ggLtTbdrOyBNSI7zBa4IykmiV5R1wl1JWNxQvWhMfMdmzIYtKU7oP3OOInY/tl2ov3BDjnJQ==",
      "requires": {
        "camelcase": "4.1.0"
      }
    }
  }
}
