# THIS IS AN AUTOGENERATED FILE. DO NOT EDIT THIS FILE DIRECTLY.
# yarn lockfile v1


ansi-regex@^4.1.0:
  version "4.1.0"
  resolved "https://registry.yarnpkg.com/ansi-regex/-/ansi-regex-4.1.0.tgz#8b9f8f08cf1acb843756a839ca8c7e3168c51997"

ansi-styles@^3.0.0, ansi-styles@^3.2.0:
  version "3.2.1"
  resolved "https://registry.yarnpkg.com/ansi-styles/-/ansi-styles-3.2.1.tgz#41fbb20243e50b12be0f04b8dedbf07520ce841d"
  dependencies:
    color-convert "^1.9.0"

ansy@^1.0.0:
  version "1.0.13"
  resolved "https://registry.yarnpkg.com/ansy/-/ansy-1.0.13.tgz#972cbd54c525112f36814fdefe26269ef993810f"
  dependencies:
    ansi-styles "^3.0.0"
    custom-return "^1.0.0"
    supports-color "^3.1.2"
    ul "^5.2.1"

camelcase@^5.0.0:
  version "5.3.1"
  resolved "https://registry.yarnpkg.com/camelcase/-/camelcase-5.3.1.tgz#e3c9b31569e106811df242f715725a1f4c494320"

camelo@^1.0.0:
  version "1.1.11"
  resolved "https://registry.yarnpkg.com/camelo/-/camelo-1.1.11.tgz#6078de1aacb59afe35d06a30f8f2c136ab11af22"
  dependencies:
    regex-escape "^3.3.0"
    uc-first-array "^1.0.0"

charm@0.1.x:
  version "0.1.2"
  resolved "https://registry.yarnpkg.com/charm/-/charm-0.1.2.tgz#06c21eed1a1b06aeb67553cdc53e23274bac2296"

cliui@^5.0.0:
  version "5.0.0"
  resolved "https://registry.yarnpkg.com/cliui/-/cliui-5.0.0.tgz#deefcfdb2e800784aa34f46fa08e06851c7bbbc5"
  dependencies:
    string-width "^3.1.0"
    strip-ansi "^5.2.0"
    wrap-ansi "^5.1.0"

color-convert@^1.0.0, color-convert@^1.9.0:
  version "1.9.1"
  resolved "https://registry.yarnpkg.com/color-convert/-/color-convert-1.9.1.tgz#c1261107aeb2f294ebffec9ed9ecad529a6097ed"
  dependencies:
    color-name "^1.1.1"

color-it@^1.2.0:
  version "1.2.10"
  resolved "https://registry.yarnpkg.com/color-it/-/color-it-1.2.10.tgz#5d1d432df3a963a0a203bcabfd45fffa54d944e3"
  dependencies:
    couleurs "^6.0.6"
    flat-colors "^3.1.0"
    iterate-object "^1.1.0"
    typpy "^2.3.3"

color-name@^1.1.1:
  version "1.1.3"
  resolved "https://registry.yarnpkg.com/color-name/-/color-name-1.1.3.tgz#a7d0558bd89c42f795dd42328f740831ca53bc25"

couleurs@^6.0.6:
  version "6.0.9"
  resolved "https://registry.yarnpkg.com/couleurs/-/couleurs-6.0.9.tgz#b2b2a3ee37dae51875c9efd243ec7e7894afbc9e"
  dependencies:
    ansy "^1.0.0"
    color-convert "^1.0.0"
    iterate-object "^1.3.1"
    typpy "^2.3.1"

custom-return@^1.0.0:
  version "1.0.10"
  resolved "https://registry.yarnpkg.com/custom-return/-/custom-return-1.0.10.tgz#ba875b2a97c9fba1fc12729ce1c21eeaa5de6a0c"
  dependencies:
    noop6 "^1.0.0"

decamelize@^1.2.0:
  version "1.2.0"
  resolved "https://registry.yarnpkg.com/decamelize/-/decamelize-1.2.0.tgz#f6534d15148269b20352e7bee26f501f9a191290"

deep-is@0.1.x:
  version "0.1.3"
  resolved "https://registry.yarnpkg.com/deep-is/-/deep-is-0.1.3.tgz#b369d6fb5dbc13eecf524f91b070feedc357cf34"

deffy@^2.2.2:
  version "2.2.2"
  resolved "https://registry.yarnpkg.com/deffy/-/deffy-2.2.2.tgz#088f40913cb47078653fa6f697c206e03471d523"
  dependencies:
    typpy "^2.0.0"

define-properties@^1.1.2, define-properties@~1.1.2:
  version "1.1.2"
  resolved "https://registry.yarnpkg.com/define-properties/-/define-properties-1.1.2.tgz#83a73f2fea569898fb737193c8f873caf6d45c94"
  dependencies:
    foreach "^2.0.5"
    object-keys "^1.0.8"

difflet@^1.0.1:
  version "1.0.1"
  resolved "https://registry.yarnpkg.com/difflet/-/difflet-1.0.1.tgz#189f8f9039e4ee4ac3ea943d4de66d259965b13c"
  dependencies:
    charm "0.1.x"
    deep-is "0.1.x"
    traverse "0.6.x"

emoji-logger@^1.0.11:
  version "1.0.13"
  resolved "https://registry.yarnpkg.com/emoji-logger/-/emoji-logger-1.0.13.tgz#c3b99784073e802e66e80f4a405979cfe51d23cd"
  dependencies:
    color-it "^1.2.0"
    deffy "^2.2.2"
    emojic "^1.1.0"
    err "^1.1.0"
    indento "^1.1.0"
    is-win "^1.0.4"
    ul "^5.2.0"

emoji-regex@^7.0.1:
  version "7.0.3"
  resolved "https://registry.yarnpkg.com/emoji-regex/-/emoji-regex-7.0.3.tgz#933a04052860c85e83c122479c4748a8e4c72156"

emojic@^1.1.0:
  version "1.1.14"
  resolved "https://registry.yarnpkg.com/emojic/-/emojic-1.1.14.tgz#1805e4d5dabfb836a0b31b35913239eceebef1a2"
  dependencies:
    camelo "^1.0.0"
    emojilib "^2.0.2"
    iterate-object "^1.2.0"
    r-json "^1.1.0"

emojilib@^2.0.2:
  version "2.2.12"
  resolved "https://registry.yarnpkg.com/emojilib/-/emojilib-2.2.12.tgz#29481fa5521ac5ed97a5cc0503901c3435d523fa"

err@^1.1.0:
  version "1.1.1"
  resolved "https://registry.yarnpkg.com/err/-/err-1.1.1.tgz#eb928e2e11a316648f782833d0f97258ba43c2f8"
  dependencies:
    typpy "^2.2.0"

es-abstract@^1.6.1:
  version "1.11.0"
  resolved "https://registry.yarnpkg.com/es-abstract/-/es-abstract-1.11.0.tgz#cce87d518f0496893b1a30cd8461835535480681"
  dependencies:
    es-to-primitive "^1.1.1"
    function-bind "^1.1.1"
    has "^1.0.1"
    is-callable "^1.1.3"
    is-regex "^1.0.4"

es-to-primitive@^1.1.1:
  version "1.1.1"
  resolved "https://registry.yarnpkg.com/es-to-primitive/-/es-to-primitive-1.1.1.tgz#45355248a88979034b6792e19bb81f2b7975dd0d"
  dependencies:
    is-callable "^1.1.1"
    is-date-object "^1.0.1"
    is-symbol "^1.0.1"

expect@^1.13.0:
  version "1.20.2"
  resolved "https://registry.yarnpkg.com/expect/-/expect-1.20.2.tgz#d458fe4c56004036bae3232416a3f6361f04f965"
  dependencies:
    define-properties "~1.1.2"
    has "^1.0.1"
    is-equal "^1.5.1"
    is-regex "^1.0.3"
    object-inspect "^1.1.0"
    object-keys "^1.0.9"
    tmatch "^2.0.1"

find-up@^3.0.0:
  version "3.0.0"
  resolved "https://registry.yarnpkg.com/find-up/-/find-up-3.0.0.tgz#49169f1d7993430646da61ecc5ae355c21c97b73"
  dependencies:
    locate-path "^3.0.0"

flat-colors@^3.1.0:
  version "3.3.10"
  resolved "https://registry.yarnpkg.com/flat-colors/-/flat-colors-3.3.10.tgz#22c5caa23fd3224139742dd8ed16081dde5a102c"

foreach@^2.0.5:
  version "2.0.5"
  resolved "https://registry.yarnpkg.com/foreach/-/foreach-2.0.5.tgz#0bee005018aeb260d0a3af3ae658dd0136ec1b99"

function-bind@^1.0.2, function-bind@^1.1.0, function-bind@^1.1.1:
  version "1.1.1"
  resolved "https://registry.yarnpkg.com/function-bind/-/function-bind-1.1.1.tgz#a56899d3ea3c9bab874bb9773b7c5ede92f4895d"

function.name@^1.0.3:
  version "1.0.10"
  resolved "https://registry.yarnpkg.com/function.name/-/function.name-1.0.10.tgz#ed00c828d98ff9a80186926fd439bdd7c16d4f0d"
  dependencies:
    noop6 "^1.0.1"

get-caller-file@^2.0.1:
  version "2.0.5"
  resolved "https://registry.yarnpkg.com/get-caller-file/-/get-caller-file-2.0.5.tgz#4f94412a82db32f36e3b0b9741f8a97feb031f7e"

has-flag@^1.0.0:
  version "1.0.0"
  resolved "https://registry.yarnpkg.com/has-flag/-/has-flag-1.0.0.tgz#9d9e793165ce017a00f00418c43f942a7b1d11fa"

has@^1.0.1:
  version "1.0.1"
  resolved "https://registry.yarnpkg.com/has/-/has-1.0.1.tgz#8461733f538b0837c9361e39a9ab9e9704dc2f28"
  dependencies:
    function-bind "^1.0.2"

he@^1.1.0:
  version "1.1.1"
  resolved "https://registry.yarnpkg.com/he/-/he-1.1.1.tgz#93410fd21b009735151f8868c2f271f3427e23fd"

highlight.js@^9.18.1:
  version "9.18.3"
  resolved "https://registry.yarnpkg.com/highlight.js/-/highlight.js-9.18.3.tgz#a1a0a2028d5e3149e2380f8a865ee8516703d634"

html-encoder-decoder@^1.3.8:
  version "1.3.9"
  resolved "https://registry.yarnpkg.com/html-encoder-decoder/-/html-encoder-decoder-1.3.9.tgz#d5ec7d249cd525709f7640ae9340f482cc86e94a"
  dependencies:
    he "^1.1.0"
    iterate-object "^1.3.2"
    regex-escape "^3.4.2"

indento@^1.1.0:
  version "1.1.11"
  resolved "https://registry.yarnpkg.com/indento/-/indento-1.1.11.tgz#dd5cb7516b345c3a2d8085fef30b4cf37c261a31"

is-arrow-function@^2.0.3:
  version "2.0.3"
  resolved "https://registry.yarnpkg.com/is-arrow-function/-/is-arrow-function-2.0.3.tgz#29be2c2d8d9450852b8bbafb635ba7b8d8e87ec2"
  dependencies:
    is-callable "^1.0.4"

is-boolean-object@^1.0.0:
  version "1.0.0"
  resolved "https://registry.yarnpkg.com/is-boolean-object/-/is-boolean-object-1.0.0.tgz#98f8b28030684219a95f375cfbd88ce3405dff93"

is-callable@^1.0.4, is-callable@^1.1.1, is-callable@^1.1.3:
  version "1.1.3"
  resolved "https://registry.yarnpkg.com/is-callable/-/is-callable-1.1.3.tgz#86eb75392805ddc33af71c92a0eedf74ee7604b2"

is-date-object@^1.0.1:
  version "1.0.1"
  resolved "https://registry.yarnpkg.com/is-date-object/-/is-date-object-1.0.1.tgz#9aa20eb6aeebbff77fbd33e74ca01b33581d3a16"

is-equal@^1.5.1:
  version "1.5.5"
  resolved "https://registry.yarnpkg.com/is-equal/-/is-equal-1.5.5.tgz#5e85f1957e052883247feb386965a3bba15fbb3d"
  dependencies:
    has "^1.0.1"
    is-arrow-function "^2.0.3"
    is-boolean-object "^1.0.0"
    is-callable "^1.1.3"
    is-date-object "^1.0.1"
    is-generator-function "^1.0.6"
    is-number-object "^1.0.3"
    is-regex "^1.0.3"
    is-string "^1.0.4"
    is-symbol "^1.0.1"
    object.entries "^1.0.4"

is-fullwidth-code-point@^2.0.0:
  version "2.0.0"
  resolved "https://registry.yarnpkg.com/is-fullwidth-code-point/-/is-fullwidth-code-point-2.0.0.tgz#a3b30a5c4f199183167aaab93beefae3ddfb654f"

is-generator-function@^1.0.6:
  version "1.0.7"
  resolved "https://registry.yarnpkg.com/is-generator-function/-/is-generator-function-1.0.7.tgz#d2132e529bb0000a7f80794d4bdf5cd5e5813522"

is-number-object@^1.0.3:
  version "1.0.3"
  resolved "https://registry.yarnpkg.com/is-number-object/-/is-number-object-1.0.3.tgz#f265ab89a9f445034ef6aff15a8f00b00f551799"

is-regex@^1.0.3, is-regex@^1.0.4:
  version "1.0.4"
  resolved "https://registry.yarnpkg.com/is-regex/-/is-regex-1.0.4.tgz#5517489b547091b0930e095654ced25ee97e9491"
  dependencies:
    has "^1.0.1"

is-string@^1.0.4:
  version "1.0.4"
  resolved "https://registry.yarnpkg.com/is-string/-/is-string-1.0.4.tgz#cc3a9b69857d621e963725a24caeec873b826e64"

is-symbol@^1.0.1:
  version "1.0.1"
  resolved "https://registry.yarnpkg.com/is-symbol/-/is-symbol-1.0.1.tgz#3cc59f00025194b6ab2e38dbae6689256b660572"

is-win@^1.0.4, is-win@^1.0.7:
  version "1.0.8"
  resolved "https://registry.yarnpkg.com/is-win/-/is-win-1.0.8.tgz#298e654acce43b6c2935b526c23b2651babe7d8b"

iterate-object@^1.1.0, iterate-object@^1.2.0, iterate-object@^1.3.1, iterate-object@^1.3.2:
  version "1.3.2"
  resolved "https://registry.yarnpkg.com/iterate-object/-/iterate-object-1.3.2.tgz#24ec15affa5d0039e8839695a21c2cae1f45b66b"

locate-path@^3.0.0:
  version "3.0.0"
  resolved "https://registry.yarnpkg.com/locate-path/-/locate-path-3.0.0.tgz#dbec3b3ab759758071b58fe59fc41871af21400e"
  dependencies:
    p-locate "^3.0.0"
    path-exists "^3.0.0"

noop6@^1.0.0, noop6@^1.0.1:
  version "1.0.7"
  resolved "https://registry.yarnpkg.com/noop6/-/noop6-1.0.7.tgz#96767bf2058ba59ca8cb91559347ddc80239fa8e"

object-inspect@^1.1.0:
  version "1.5.0"
  resolved "https://registry.yarnpkg.com/object-inspect/-/object-inspect-1.5.0.tgz#9d876c11e40f485c79215670281b767488f9bfe3"

object-keys@^1.0.8, object-keys@^1.0.9:
  version "1.0.11"
  resolved "https://registry.yarnpkg.com/object-keys/-/object-keys-1.0.11.tgz#c54601778ad560f1142ce0e01bcca8b56d13426d"

object.entries@^1.0.4:
  version "1.0.4"
  resolved "https://registry.yarnpkg.com/object.entries/-/object.entries-1.0.4.tgz#1bf9a4dd2288f5b33f3a993d257661f05d161a5f"
  dependencies:
    define-properties "^1.1.2"
    es-abstract "^1.6.1"
    function-bind "^1.1.0"
    has "^1.0.1"

p-limit@^2.0.0:
  version "2.3.0"
  resolved "https://registry.yarnpkg.com/p-limit/-/p-limit-2.3.0.tgz#3dd33c647a214fdfffd835933eb086da0dc21db1"
  dependencies:
    p-try "^2.0.0"

p-locate@^3.0.0:
  version "3.0.0"
  resolved "https://registry.yarnpkg.com/p-locate/-/p-locate-3.0.0.tgz#322d69a05c0264b25997d9f40cd8a891ab0064a4"
  dependencies:
    p-limit "^2.0.0"

p-try@^2.0.0:
  version "2.2.0"
  resolved "https://registry.yarnpkg.com/p-try/-/p-try-2.2.0.tgz#cb2868540e313d61de58fafbe35ce9004d5540e6"

path-exists@^3.0.0:
  version "3.0.0"
  resolved "https://registry.yarnpkg.com/path-exists/-/path-exists-3.0.0.tgz#ce0ebeaa5f78cb18925ea7d810d7b59b010fd515"

queoid@^1.0.0:
  version "1.1.7"
  resolved "https://registry.yarnpkg.com/queoid/-/queoid-1.1.7.tgz#ea02d48d0c53ae0dcbdd4d844f1b5163e52be9c1"

r-json@^1.1.0:
  version "1.2.8"
  resolved "https://registry.yarnpkg.com/r-json/-/r-json-1.2.8.tgz#7440560cc1edf00b9d8d94fa30bcad7dde94eae2"

regex-escape@^3.3.0, regex-escape@^3.4.2:
  version "3.4.8"
  resolved "https://registry.yarnpkg.com/regex-escape/-/regex-escape-3.4.8.tgz#d819372b24fb2659174196ecbecfa69d8612f30d"

require-directory@^2.1.1:
  version "2.1.1"
  resolved "https://registry.yarnpkg.com/require-directory/-/require-directory-2.1.1.tgz#8c64ad5fd30dab1c976e2344ffe7f792a6a6df42"

require-main-filename@^2.0.0:
  version "2.0.0"
  resolved "https://registry.yarnpkg.com/require-main-filename/-/require-main-filename-2.0.0.tgz#d0b329ecc7cc0f61649f62215be69af54aa8989b"

set-blocking@^2.0.0:
  version "2.0.0"
  resolved "https://registry.yarnpkg.com/set-blocking/-/set-blocking-2.0.0.tgz#045f9782d011ae9a6803ddd382b24392b3d890f7"

showdown@^1.9.1:
  version "1.9.1"
  resolved "https://registry.yarnpkg.com/showdown/-/showdown-1.9.1.tgz#134e148e75cd4623e09c21b0511977d79b5ad0ef"
  dependencies:
    yargs "^14.2"

string-width@^3.0.0, string-width@^3.1.0:
  version "3.1.0"
  resolved "https://registry.yarnpkg.com/string-width/-/string-width-3.1.0.tgz#22767be21b62af1081574306f69ac51b62203961"
  dependencies:
    emoji-regex "^7.0.1"
    is-fullwidth-code-point "^2.0.0"
    strip-ansi "^5.1.0"

strip-ansi@^5.0.0, strip-ansi@^5.1.0, strip-ansi@^5.2.0:
  version "5.2.0"
  resolved "https://registry.yarnpkg.com/strip-ansi/-/strip-ansi-5.2.0.tgz#8c9a536feb6afc962bdfa5b104a5091c1ad9c0ae"
  dependencies:
    ansi-regex "^4.1.0"

supports-color@^3.1.2:
  version "3.2.3"
  resolved "https://registry.yarnpkg.com/supports-color/-/supports-color-3.2.3.tgz#65ac0504b3954171d8a64946b2ae3cbb8a5f54f6"
  dependencies:
    has-flag "^1.0.0"

tester@^1.4.4:
  version "1.4.5"
  resolved "https://registry.yarnpkg.com/tester/-/tester-1.4.5.tgz#e38d99583d4853066493e129f2d31f914ba8a384"
  dependencies:
    difflet "^1.0.1"
    emoji-logger "^1.0.11"
    expect "^1.13.0"
    is-win "^1.0.7"
    queoid "^1.0.0"
    try-async "^1.0.0"

tmatch@^2.0.1:
  version "2.0.1"
  resolved "https://registry.yarnpkg.com/tmatch/-/tmatch-2.0.1.tgz#0c56246f33f30da1b8d3d72895abaf16660f38cf"

traverse@0.6.x:
  version "0.6.6"
  resolved "https://registry.yarnpkg.com/traverse/-/traverse-0.6.6.tgz#cbdf560fd7b9af632502fed40f918c157ea97137"

try-async@^1.0.0:
  version "1.1.8"
  resolved "https://registry.yarnpkg.com/try-async/-/try-async-1.1.8.tgz#fdf203e714693c5eb919a915639146050328f5c0"

typpy@^2.0.0, typpy@^2.2.0, typpy@^2.3.1, typpy@^2.3.3, typpy@^2.3.4:
  version "2.3.10"
  resolved "https://registry.yarnpkg.com/typpy/-/typpy-2.3.10.tgz#63a39e4171cbbb4cdefb590009228a3de9a22b2f"
  dependencies:
    function.name "^1.0.3"

uc-first-array@^1.0.0:
  version "1.1.8"
  resolved "https://registry.yarnpkg.com/uc-first-array/-/uc-first-array-1.1.8.tgz#b5ae335ae86e7ea1b4c4589ce3783391989a8af5"
  dependencies:
    ucfirst "^1.0.0"

ucfirst@^1.0.0:
  version "1.0.0"
  resolved "https://registry.yarnpkg.com/ucfirst/-/ucfirst-1.0.0.tgz#4e105b6448d05e264ecec435e0b919363c5f2f2f"

ul@^5.2.0, ul@^5.2.1:
  version "5.2.13"
  resolved "https://registry.yarnpkg.com/ul/-/ul-5.2.13.tgz#9ff0504ea35ca1f74c0bf59e6480def009bad7b5"
  dependencies:
    deffy "^2.2.2"
    typpy "^2.3.4"

which-module@^2.0.0:
  version "2.0.0"
  resolved "https://registry.yarnpkg.com/which-module/-/which-module-2.0.0.tgz#d9ef07dce77b9902b8a3a8fa4b31c3e3f7e6e87a"

wrap-ansi@^5.1.0:
  version "5.1.0"
  resolved "https://registry.yarnpkg.com/wrap-ansi/-/wrap-ansi-5.1.0.tgz#1fd1f67235d5b6d0fee781056001bfb694c03b09"
  dependencies:
    ansi-styles "^3.2.0"
    string-width "^3.0.0"
    strip-ansi "^5.0.0"

y18n@^4.0.0:
  version "4.0.0"
  resolved "https://registry.yarnpkg.com/y18n/-/y18n-4.0.0.tgz#95ef94f85ecc81d007c264e190a120f0a3c8566b"

yargs-parser@^15.0.1:
  version "15.0.1"
  resolved "https://registry.yarnpkg.com/yargs-parser/-/yargs-parser-15.0.1.tgz#54786af40b820dcb2fb8025b11b4d659d76323b3"
  dependencies:
    camelcase "^5.0.0"
    decamelize "^1.2.0"

yargs@^14.2:
  version "14.2.3"
  resolved "https://registry.yarnpkg.com/yargs/-/yargs-14.2.3.tgz#1a1c3edced1afb2a2fea33604bc6d1d8d688a414"
  dependencies:
    cliui "^5.0.0"
    decamelize "^1.2.0"
    find-up "^3.0.0"
    get-caller-file "^2.0.1"
    require-directory "^2.1.1"
    require-main-filename "^2.0.0"
    set-blocking "^2.0.0"
    string-width "^3.0.0"
    which-module "^2.0.0"
    y18n "^4.0.0"
    yargs-parser "^15.0.1"
